
Microsoft Visual Studio Solution File, Format Version 12.00
# Visual Studio 14
VisualStudioVersion = 14.0.25123.0
MinimumVisualStudioVersion = 10.0.40219.1
Project("{FAE04EC0-301F-11D3-BF4B-00C04F79EFBC}") = "NayaTelDiagnose", "NayaTelDiagnose\NayaTelDiagnose.csproj", "{ECCCDC22-6CC8-4BF1-A60B-C8C3C2E11DB5}"
EndProject
Project("{2150E333-8FDC-42A3-9474-1A3956D46DE8}") = "Modules", "Modules", "{C1CB6A9E-71CA-4778-B7EF-F79FED3BABE9}"
EndProject
Project("{FAE04EC0-301F-11D3-BF4B-00C04F79EFBC}") = "TestNayatellModule", "TestNayatellModule\TestNayatellModule.csproj", "{DB3FBD6D-0298-44C3-9E51-4AEBBBD5C5DF}"
EndProject
Project("{FAE04EC0-301F-11D3-BF4B-00C04F79EFBC}") = "ViewSwitchingNavigation.Infrastructure", "ViewSwitchingNavigation.Infrastructure\ViewSwitchingNavigation.Infrastructure.csproj", "{55AA526E-1A89-4A8E-B648-8DE5DE2FD1E5}"
EndProject
Project("{FAE04EC0-301F-11D3-BF4B-00C04F79EFBC}") = "Controls", "Controls\Controls.csproj", "{C8950BAF-06A5-4AF3-964A-55B18B0E0B9F}"
EndProject
Project("{FAE04EC0-301F-11D3-BF4B-00C04F79EFBC}") = "WifiInspectorModule", "WifiInspectorModule\WifiInspectorModule.csproj", "{C5035504-07A5-462C-80F2-B0F7A2172EF6}"
EndProject
Project("{FAE04EC0-301F-11D3-BF4B-00C04F79EFBC}") = "CoreLibrary", "CoreLibrary\CoreLibrary.csproj", "{9B4DC584-CEA0-47DF-9BC2-EB9B0EEFA429}"
EndProject
Project("{FAE04EC0-301F-11D3-BF4B-00C04F79EFBC}") = "DiagnoseAll", "DiagnoseAll\DiagnoseAll.csproj", "{D363E0AE-9368-4E84-A715-0AB1473914B1}"
EndProject
Project("{FAE04EC0-301F-11D3-BF4B-00C04F79EFBC}") = "VerifyConnectivityModule", "VerifyConnectivityModule\VerifyConnectivityModule.csproj", "{E8224CAF-E17E-4FA7-B483-7B90CD191E76}"
EndProject
Project("{FAE04EC0-301F-11D3-BF4B-00C04F79EFBC}") = "SpeedTestModule", "SpeedTestModule\SpeedTestModule.csproj", "{4BF78326-2A93-4C03-9784-7B77E4968681}"
EndProject
Project("{FAE04EC0-301F-11D3-BF4B-00C04F79EFBC}") = "ActivateUsersModule", "ActivateUsersModule\ActivateUsersModule.csproj", "{DC505DE0-6F38-44C7-9514-FF5C3EA0054E}"
EndProject
Project("{FAE04EC0-301F-11D3-BF4B-00C04F79EFBC}") = "NetworkResponseModule", "NetworkResponseModule\NetworkResponseModule.csproj", "{E4ADEAC7-C3DD-4902-8273-03131A56E597}"
EndProject
Project("{FAE04EC0-301F-11D3-BF4B-00C04F79EFBC}") = "DataUsageModule", "DataUsageModule\DataUsageModule.csproj", "{AD5A47A2-8B9E-4553-9C30-8D01A9609C79}"
EndProject
Project("{54435603-DBB4-11D2-8724-00A0C9A8B90C}") = "Nayatel NDoctor", "SetupNayaTel\SetupNayaTel.vdproj", "{633628CE-4725-48EB-9D3B-B0D29C8C974B}"
EndProject
Global
	GlobalSection(SolutionConfigurationPlatforms) = preSolution
		Debug|Any CPU = Debug|Any CPU
		Release|Any CPU = Release|Any CPU
	EndGlobalSection
	GlobalSection(ProjectConfigurationPlatforms) = postSolution
		{ECCCDC22-6CC8-4BF1-A60B-C8C3C2E11DB5}.Debug|Any CPU.ActiveCfg = Debug|Any CPU
		{ECCCDC22-6CC8-4BF1-A60B-C8C3C2E11DB5}.Debug|Any CPU.Build.0 = Debug|Any CPU
		{ECCCDC22-6CC8-4BF1-A60B-C8C3C2E11DB5}.Release|Any CPU.ActiveCfg = Release|Any CPU
		{ECCCDC22-6CC8-4BF1-A60B-C8C3C2E11DB5}.Release|Any CPU.Build.0 = Release|Any CPU
		{DB3FBD6D-0298-44C3-9E51-4AEBBBD5C5DF}.Debug|Any CPU.ActiveCfg = Debug|Any CPU
		{DB3FBD6D-0298-44C3-9E51-4AEBBBD5C5DF}.Debug|Any CPU.Build.0 = Debug|Any CPU
		{DB3FBD6D-0298-44C3-9E51-4AEBBBD5C5DF}.Release|Any CPU.ActiveCfg = Release|Any CPU
		{DB3FBD6D-0298-44C3-9E51-4AEBBBD5C5DF}.Release|Any CPU.Build.0 = Release|Any CPU
		{55AA526E-1A89-4A8E-B648-8DE5DE2FD1E5}.Debug|Any CPU.ActiveCfg = Debug|Any CPU
		{55AA526E-1A89-4A8E-B648-8DE5DE2FD1E5}.Debug|Any CPU.Build.0 = Debug|Any CPU
		{55AA526E-1A89-4A8E-B648-8DE5DE2FD1E5}.Release|Any CPU.ActiveCfg = Release|Any CPU
		{55AA526E-1A89-4A8E-B648-8DE5DE2FD1E5}.Release|Any CPU.Build.0 = Release|Any CPU
		{C8950BAF-06A5-4AF3-964A-55B18B0E0B9F}.Debug|Any CPU.ActiveCfg = Debug|Any CPU
		{C8950BAF-06A5-4AF3-964A-55B18B0E0B9F}.Debug|Any CPU.Build.0 = Debug|Any CPU
		{C8950BAF-06A5-4AF3-964A-55B18B0E0B9F}.Release|Any CPU.ActiveCfg = Release|Any CPU
		{C8950BAF-06A5-4AF3-964A-55B18B0E0B9F}.Release|Any CPU.Build.0 = Release|Any CPU
		{C5035504-07A5-462C-80F2-B0F7A2172EF6}.Debug|Any CPU.ActiveCfg = Debug|Any CPU
		{C5035504-07A5-462C-80F2-B0F7A2172EF6}.Debug|Any CPU.Build.0 = Debug|Any CPU
		{C5035504-07A5-462C-80F2-B0F7A2172EF6}.Release|Any CPU.ActiveCfg = Release|Any CPU
		{C5035504-07A5-462C-80F2-B0F7A2172EF6}.Release|Any CPU.Build.0 = Release|Any CPU
		{9B4DC584-CEA0-47DF-9BC2-EB9B0EEFA429}.Debug|Any CPU.ActiveCfg = Debug|Any CPU
		{9B4DC584-CEA0-47DF-9BC2-EB9B0EEFA429}.Debug|Any CPU.Build.0 = Debug|Any CPU
		{9B4DC584-CEA0-47DF-9BC2-EB9B0EEFA429}.Release|Any CPU.ActiveCfg = Release|Any CPU
		{9B4DC584-CEA0-47DF-9BC2-EB9B0EEFA429}.Release|Any CPU.Build.0 = Release|Any CPU
		{D363E0AE-9368-4E84-A715-0AB1473914B1}.Debug|Any CPU.ActiveCfg = Debug|Any CPU
		{D363E0AE-9368-4E84-A715-0AB1473914B1}.Debug|Any CPU.Build.0 = Debug|Any CPU
		{D363E0AE-9368-4E84-A715-0AB1473914B1}.Release|Any CPU.ActiveCfg = Release|Any CPU
		{D363E0AE-9368-4E84-A715-0AB1473914B1}.Release|Any CPU.Build.0 = Release|Any CPU
		{E8224CAF-E17E-4FA7-B483-7B90CD191E76}.Debug|Any CPU.ActiveCfg = Debug|Any CPU
		{E8224CAF-E17E-4FA7-B483-7B90CD191E76}.Debug|Any CPU.Build.0 = Debug|Any CPU
		{E8224CAF-E17E-4FA7-B483-7B90CD191E76}.Release|Any CPU.ActiveCfg = Release|Any CPU
		{E8224CAF-E17E-4FA7-B483-7B90CD191E76}.Release|Any CPU.Build.0 = Release|Any CPU
		{4BF78326-2A93-4C03-9784-7B77E4968681}.Debug|Any CPU.ActiveCfg = Debug|Any CPU
		{4BF78326-2A93-4C03-9784-7B77E4968681}.Debug|Any CPU.Build.0 = Debug|Any CPU
		{4BF78326-2A93-4C03-9784-7B77E4968681}.Release|Any CPU.ActiveCfg = Release|Any CPU
		{4BF78326-2A93-4C03-9784-7B77E4968681}.Release|Any CPU.Build.0 = Release|Any CPU
		{DC505DE0-6F38-44C7-9514-FF5C3EA0054E}.Debug|Any CPU.ActiveCfg = Debug|Any CPU
		{DC505DE0-6F38-44C7-9514-FF5C3EA0054E}.Debug|Any CPU.Build.0 = Debug|Any CPU
		{DC505DE0-6F38-44C7-9514-FF5C3EA0054E}.Release|Any CPU.ActiveCfg = Release|Any CPU
		{DC505DE0-6F38-44C7-9514-FF5C3EA0054E}.Release|Any CPU.Build.0 = Release|Any CPU
		{E4ADEAC7-C3DD-4902-8273-03131A56E597}.Debug|Any CPU.ActiveCfg = Debug|Any CPU
		{E4ADEAC7-C3DD-4902-8273-03131A56E597}.Debug|Any CPU.Build.0 = Debug|Any CPU
		{E4ADEAC7-C3DD-4902-8273-03131A56E597}.Release|Any CPU.ActiveCfg = Release|Any CPU
		{E4ADEAC7-C3DD-4902-8273-03131A56E597}.Release|Any CPU.Build.0 = Release|Any CPU
		{AD5A47A2-8B9E-4553-9C30-8D01A9609C79}.Debug|Any CPU.ActiveCfg = Debug|Any CPU
		{AD5A47A2-8B9E-4553-9C30-8D01A9609C79}.Debug|Any CPU.Build.0 = Debug|Any CPU
		{AD5A47A2-8B9E-4553-9C30-8D01A9609C79}.Release|Any CPU.ActiveCfg = Release|Any CPU
		{AD5A47A2-8B9E-4553-9C30-8D01A9609C79}.Release|Any CPU.Build.0 = Release|Any CPU
		{633628CE-4725-48EB-9D3B-B0D29C8C974B}.Debug|Any CPU.ActiveCfg = Debug
		{633628CE-4725-48EB-9D3B-B0D29C8C974B}.Release|Any CPU.ActiveCfg = Release
	EndGlobalSection
	GlobalSection(SolutionProperties) = preSolution
		HideSolutionNode = FALSE
	EndGlobalSection
	GlobalSection(NestedProjects) = preSolution
		{DB3FBD6D-0298-44C3-9E51-4AEBBBD5C5DF} = {C1CB6A9E-71CA-4778-B7EF-F79FED3BABE9}
		{55AA526E-1A89-4A8E-B648-8DE5DE2FD1E5} = {C1CB6A9E-71CA-4778-B7EF-F79FED3BABE9}
		{C8950BAF-06A5-4AF3-964A-55B18B0E0B9F} = {C1CB6A9E-71CA-4778-B7EF-F79FED3BABE9}
		{C5035504-07A5-462C-80F2-B0F7A2172EF6} = {C1CB6A9E-71CA-4778-B7EF-F79FED3BABE9}
		{D363E0AE-9368-4E84-A715-0AB1473914B1} = {C1CB6A9E-71CA-4778-B7EF-F79FED3BABE9}
		{E8224CAF-E17E-4FA7-B483-7B90CD191E76} = {C1CB6A9E-71CA-4778-B7EF-F79FED3BABE9}
		{4BF78326-2A93-4C03-9784-7B77E4968681} = {C1CB6A9E-71CA-4778-B7EF-F79FED3BABE9}
		{DC505DE0-6F38-44C7-9514-FF5C3EA0054E} = {C1CB6A9E-71CA-4778-B7EF-F79FED3BABE9}
		{E4ADEAC7-C3DD-4902-8273-03131A56E597} = {C1CB6A9E-71CA-4778-B7EF-F79FED3BABE9}
		{AD5A47A2-8B9E-4553-9C30-8D01A9609C79} = {C1CB6A9E-71CA-4778-B7EF-F79FED3BABE9}
	EndGlobalSection
EndGlobal
